
Microsoft Visual Studio Solution File, Format Version 12.00
# Visual Studio Version 16
VisualStudioVersion = 16.0.29609.76
MinimumVisualStudioVersion = 10.0.40219.1
Project("{FAE04EC0-301F-11D3-BF4B-00C04F79EFBC}") = "DevSkill.LibrarySystem.Web", "DevSkill.LibrarySystem.Web\DevSkill.LibrarySystem.Web.csproj", "{A8B44516-E1FE-4E90-AD64-72A89B41DEF7}"
EndProject
Global
	GlobalSection(SolutionConfigurationPlatforms) = preSolution
		Debug|Any CPU = Debug|Any CPU
		Release|Any CPU = Release|Any CPU
	EndGlobalSection
	GlobalSection(ProjectConfigurationPlatforms) = postSolution
		{A8B44516-E1FE-4E90-AD64-72A89B41DEF7}.Debug|Any CPU.ActiveCfg = Debug|Any CPU
		{A8B44516-E1FE-4E90-AD64-72A89B41DEF7}.Debug|Any CPU.Build.0 = Debug|Any CPU
		{A8B44516-E1FE-4E90-AD64-72A89B41DEF7}.Release|Any CPU.ActiveCfg = Release|Any CPU
		{A8B44516-E1FE-4E90-AD64-72A89B41DEF7}.Release|Any CPU.Build.0 = Release|Any CPU
	EndGlobalSection
	GlobalSection(SolutionProperties) = preSolution
		HideSolutionNode = FALSE
	EndGlobalSection
	GlobalSection(ExtensibilityGlobals) = postSolution
		SolutionGuid = {D0DBE21A-F619-4CCB-A1B7-8449B44E2C20}
	EndGlobalSection
EndGlobal
